
Microsoft Visual Studio Solution File, Format Version 12.00
Project("{FAE04EC0-301F-11D3-BF4B-00C04F79EFBC}") = "InterfaceBenefits", "InterfaceBenefits\InterfaceBenefits.csproj", "{703B6E2C-BFE3-4861-B009-D938A859C42D}"
EndProject
Global
	GlobalSection(SolutionConfigurationPlatforms) = preSolution
		Debug|Any CPU = Debug|Any CPU
		Release|Any CPU = Release|Any CPU
	EndGlobalSection
	GlobalSection(ProjectConfigurationPlatforms) = postSolution
		{703B6E2C-BFE3-4861-B009-D938A859C42D}.Debug|Any CPU.ActiveCfg = Debug|Any CPU
		{703B6E2C-BFE3-4861-B009-D938A859C42D}.Debug|Any CPU.Build.0 = Debug|Any CPU
		{703B6E2C-BFE3-4861-B009-D938A859C42D}.Release|Any CPU.ActiveCfg = Release|Any CPU
		{703B6E2C-BFE3-4861-B009-D938A859C42D}.Release|Any CPU.Build.0 = Release|Any CPU
	EndGlobalSection
EndGlobal
